// !$*UTF8*$!
{
	archiveVersion = 1;
	classes = {
	};
	objectVersion = 50;
	objects = {

/* Begin PBXBuildFile section */
		17ACACE720EFA97900574DD2 /* AppDelegate.swift in Sources */ = {isa = PBXBuildFile; fileRef = 17ACACE620EFA97900574DD2 /* AppDelegate.swift */; };
		17ACACEC20EFA97900574DD2 /* Main.storyboard in Resources */ = {isa = PBXBuildFile; fileRef = 17ACACEA20EFA97900574DD2 /* Main.storyboard */; };
		17ACACF120EFA97B00574DD2 /* Assets.xcassets in Resources */ = {isa = PBXBuildFile; fileRef = 17ACACF020EFA97B00574DD2 /* Assets.xcassets */; };
		17ACACF420EFA97B00574DD2 /* LaunchScreen.storyboard in Resources */ = {isa = PBXBuildFile; fileRef = 17ACACF220EFA97B00574DD2 /* LaunchScreen.storyboard */; };
		17ACACFD20EFB19200574DD2 /* SearchViewController.swift in Sources */ = {isa = PBXBuildFile; fileRef = 17ACACFC20EFB19200574DD2 /* SearchViewController.swift */; };
		17ACAD0120EFB37100574DD2 /* TapBarViewController.swift in Sources */ = {isa = PBXBuildFile; fileRef = 17ACAD0020EFB37100574DD2 /* TapBarViewController.swift */; };
		17ACAD0420EFB91000574DD2 /* RecentSearchCell.swift in Sources */ = {isa = PBXBuildFile; fileRef = 17ACAD0320EFB91000574DD2 /* RecentSearchCell.swift */; };
		17ACAD0720EFBC4000574DD2 /* Model.swift in Sources */ = {isa = PBXBuildFile; fileRef = 17ACAD0620EFBC4000574DD2 /* Model.swift */; };
		17ACAD0E20F1EB2100574DD2 /* GlobalState.swift in Sources */ = {isa = PBXBuildFile; fileRef = 17ACAD0D20F1EB2100574DD2 /* GlobalState.swift */; };
		17ACAD1020F1FA4900574DD2 /* HistoryCell.swift in Sources */ = {isa = PBXBuildFile; fileRef = 17ACAD0F20F1FA4900574DD2 /* HistoryCell.swift */; };
		17ACAD1220F2106B00574DD2 /* SearchResultCell.swift in Sources */ = {isa = PBXBuildFile; fileRef = 17ACAD1120F2106B00574DD2 /* SearchResultCell.swift */; };
		17ACAD1520F3928D00574DD2 /* AppDetailHeaderView.swift in Sources */ = {isa = PBXBuildFile; fileRef = 17ACAD1420F3928D00574DD2 /* AppDetailHeaderView.swift */; };
		17ACAD3820F78E4900574DD2 /* ThumbnailsCell.swift in Sources */ = {isa = PBXBuildFile; fileRef = 17ACAD3720F78E4900574DD2 /* ThumbnailsCell.swift */; };
		6F6E2D8520F827EF0031C2A9 /* DescriptionView.swift in Sources */ = {isa = PBXBuildFile; fileRef = 6F6E2D8420F827EF0031C2A9 /* DescriptionView.swift */; };
		6FC0F5B720F5F11000435347 /* SearchResultsViewController.swift in Sources */ = {isa = PBXBuildFile; fileRef = 6FC0F5B620F5F11000435347 /* SearchResultsViewController.swift */; };
		6FE0C4E720F32CAE0043D587 /* RatingControl.swift in Sources */ = {isa = PBXBuildFile; fileRef = 6FE0C4E620F32CAE0043D587 /* RatingControl.swift */; };
		6FE0C4E920F348730043D587 /* AppDetailViewController.swift in Sources */ = {isa = PBXBuildFile; fileRef = 6FE0C4E820F348730043D587 /* AppDetailViewController.swift */; };
		773B47E98F885B7AB505246B /* libPods-kakaobank_coding_test.a in Frameworks */ = {isa = PBXBuildFile; fileRef = F31C6F25C8EF12E0527D8989 /* libPods-kakaobank_coding_test.a */; };
/* End PBXBuildFile section */

/* Begin PBXFileReference section */
		17ACACE320EFA97900574DD2 /* kakaobank_coding_test.app */ = {isa = PBXFileReference; explicitFileType = wrapper.application; includeInIndex = 0; path = kakaobank_coding_test.app; sourceTree = BUILT_PRODUCTS_DIR; };
		17ACACE620EFA97900574DD2 /* AppDelegate.swift */ = {isa = PBXFileReference; lastKnownFileType = sourcecode.swift; path = AppDelegate.swift; sourceTree = "<group>"; };
		17ACACEB20EFA97900574DD2 /* Base */ = {isa = PBXFileReference; lastKnownFileType = file.storyboard; name = Base; path = Base.lproj/Main.storyboard; sourceTree = "<group>"; };
		17ACACF020EFA97B00574DD2 /* Assets.xcassets */ = {isa = PBXFileReference; lastKnownFileType = folder.assetcatalog; path = Assets.xcassets; sourceTree = "<group>"; };
		17ACACF320EFA97B00574DD2 /* Base */ = {isa = PBXFileReference; lastKnownFileType = file.storyboard; name = Base; path = Base.lproj/LaunchScreen.storyboard; sourceTree = "<group>"; };
		17ACACF520EFA97B00574DD2 /* Info.plist */ = {isa = PBXFileReference; lastKnownFileType = text.plist.xml; path = Info.plist; sourceTree = "<group>"; };
		17ACACFC20EFB19200574DD2 /* SearchViewController.swift */ = {isa = PBXFileReference; lastKnownFileType = sourcecode.swift; path = SearchViewController.swift; sourceTree = "<group>"; };
		17ACAD0020EFB37100574DD2 /* TapBarViewController.swift */ = {isa = PBXFileReference; lastKnownFileType = sourcecode.swift; path = TapBarViewController.swift; sourceTree = "<group>"; };
		17ACAD0320EFB91000574DD2 /* RecentSearchCell.swift */ = {isa = PBXFileReference; lastKnownFileType = sourcecode.swift; path = RecentSearchCell.swift; sourceTree = "<group>"; };
		17ACAD0620EFBC4000574DD2 /* Model.swift */ = {isa = PBXFileReference; lastKnownFileType = sourcecode.swift; path = Model.swift; sourceTree = "<group>"; };
		17ACAD0D20F1EB2100574DD2 /* GlobalState.swift */ = {isa = PBXFileReference; lastKnownFileType = sourcecode.swift; path = GlobalState.swift; sourceTree = "<group>"; };
		17ACAD0F20F1FA4900574DD2 /* HistoryCell.swift */ = {isa = PBXFileReference; lastKnownFileType = sourcecode.swift; path = HistoryCell.swift; sourceTree = "<group>"; };
		17ACAD1120F2106B00574DD2 /* SearchResultCell.swift */ = {isa = PBXFileReference; lastKnownFileType = sourcecode.swift; path = SearchResultCell.swift; sourceTree = "<group>"; };
		17ACAD1420F3928D00574DD2 /* AppDetailHeaderView.swift */ = {isa = PBXFileReference; lastKnownFileType = sourcecode.swift; path = AppDetailHeaderView.swift; sourceTree = "<group>"; };
		17ACAD3720F78E4900574DD2 /* ThumbnailsCell.swift */ = {isa = PBXFileReference; lastKnownFileType = sourcecode.swift; path = ThumbnailsCell.swift; sourceTree = "<group>"; };
		43B4C0207F5CF56CA49087D0 /* Pods-kakaobank_coding_test.debug.xcconfig */ = {isa = PBXFileReference; includeInIndex = 1; lastKnownFileType = text.xcconfig; name = "Pods-kakaobank_coding_test.debug.xcconfig"; path = "Pods/Target Support Files/Pods-kakaobank_coding_test/Pods-kakaobank_coding_test.debug.xcconfig"; sourceTree = "<group>"; };
		6F6E2D8420F827EF0031C2A9 /* DescriptionView.swift */ = {isa = PBXFileReference; lastKnownFileType = sourcecode.swift; path = DescriptionView.swift; sourceTree = "<group>"; };
		6FC0F5B620F5F11000435347 /* SearchResultsViewController.swift */ = {isa = PBXFileReference; lastKnownFileType = sourcecode.swift; path = SearchResultsViewController.swift; sourceTree = "<group>"; };
		6FE0C4E620F32CAE0043D587 /* RatingControl.swift */ = {isa = PBXFileReference; lastKnownFileType = sourcecode.swift; path = RatingControl.swift; sourceTree = "<group>"; };
		6FE0C4E820F348730043D587 /* AppDetailViewController.swift */ = {isa = PBXFileReference; lastKnownFileType = sourcecode.swift; path = AppDetailViewController.swift; sourceTree = "<group>"; };
		903DD5B3E218F911AC3A57DF /* Pods-kakaobank_coding_test.release.xcconfig */ = {isa = PBXFileReference; includeInIndex = 1; lastKnownFileType = text.xcconfig; name = "Pods-kakaobank_coding_test.release.xcconfig"; path = "Pods/Target Support Files/Pods-kakaobank_coding_test/Pods-kakaobank_coding_test.release.xcconfig"; sourceTree = "<group>"; };
		F31C6F25C8EF12E0527D8989 /* libPods-kakaobank_coding_test.a */ = {isa = PBXFileReference; explicitFileType = archive.ar; includeInIndex = 0; path = "libPods-kakaobank_coding_test.a"; sourceTree = BUILT_PRODUCTS_DIR; };
/* End PBXFileReference section */

/* Begin PBXFrameworksBuildPhase section */
		17ACACE020EFA97900574DD2 /* Frameworks */ = {
			isa = PBXFrameworksBuildPhase;
			buildActionMask = 2147483647;
			files = (
				773B47E98F885B7AB505246B /* libPods-kakaobank_coding_test.a in Frameworks */,
			);
			runOnlyForDeploymentPostprocessing = 0;
		};
/* End PBXFrameworksBuildPhase section */

/* Begin PBXGroup section */
		17ACACDA20EFA97900574DD2 = {
			isa = PBXGroup;
			children = (
				17ACACE520EFA97900574DD2 /* kakaobank_coding_test */,
				17ACACE420EFA97900574DD2 /* Products */,
				BADA303B6AD8046EFF125E55 /* Pods */,
				AD20900BEB500829DAB05D38 /* Frameworks */,
			);
			sourceTree = "<group>";
		};
		17ACACE420EFA97900574DD2 /* Products */ = {
			isa = PBXGroup;
			children = (
				17ACACE320EFA97900574DD2 /* kakaobank_coding_test.app */,
			);
			name = Products;
			sourceTree = "<group>";
		};
		17ACACE520EFA97900574DD2 /* kakaobank_coding_test */ = {
			isa = PBXGroup;
			children = (
				17ACAD1320F3927300574DD2 /* ViewModel */,
				6FE0C4E520F32CA10043D587 /* View */,
				17ACAD0520EFBC3700574DD2 /* Model */,
				17ACACFB20EFB14000574DD2 /* ViewControllers */,
				17ACACE620EFA97900574DD2 /* AppDelegate.swift */,
				17ACACEA20EFA97900574DD2 /* Main.storyboard */,
				17ACACF020EFA97B00574DD2 /* Assets.xcassets */,
				17ACACF220EFA97B00574DD2 /* LaunchScreen.storyboard */,
				17ACACF520EFA97B00574DD2 /* Info.plist */,
			);
			path = kakaobank_coding_test;
			sourceTree = "<group>";
		};
		17ACACFB20EFB14000574DD2 /* ViewControllers */ = {
			isa = PBXGroup;
			children = (
				17ACAD0220EFB4A300574DD2 /* Cells */,
				17ACACFC20EFB19200574DD2 /* SearchViewController.swift */,
				17ACAD0020EFB37100574DD2 /* TapBarViewController.swift */,
				6FE0C4E820F348730043D587 /* AppDetailViewController.swift */,
				6FC0F5B620F5F11000435347 /* SearchResultsViewController.swift */,
			);
			path = ViewControllers;
			sourceTree = "<group>";
		};
		17ACAD0220EFB4A300574DD2 /* Cells */ = {
			isa = PBXGroup;
			children = (
				17ACAD0320EFB91000574DD2 /* RecentSearchCell.swift */,
				17ACAD0F20F1FA4900574DD2 /* HistoryCell.swift */,
				17ACAD1120F2106B00574DD2 /* SearchResultCell.swift */,
				17ACAD3720F78E4900574DD2 /* ThumbnailsCell.swift */,
			);
			path = Cells;
			sourceTree = "<group>";
		};
		17ACAD0520EFBC3700574DD2 /* Model */ = {
			isa = PBXGroup;
			children = (
				17ACAD0620EFBC4000574DD2 /* Model.swift */,
				17ACAD0D20F1EB2100574DD2 /* GlobalState.swift */,
			);
			path = Model;
			sourceTree = "<group>";
		};
		17ACAD1320F3927300574DD2 /* ViewModel */ = {
			isa = PBXGroup;
			children = (
				17ACAD1420F3928D00574DD2 /* AppDetailHeaderView.swift */,
				6F6E2D8420F827EF0031C2A9 /* DescriptionView.swift */,
			);
			path = ViewModel;
			sourceTree = "<group>";
		};
		6FE0C4E520F32CA10043D587 /* View */ = {
			isa = PBXGroup;
			children = (
				6FE0C4E620F32CAE0043D587 /* RatingControl.swift */,
			);
			path = View;
			sourceTree = "<group>";
		};
		AD20900BEB500829DAB05D38 /* Frameworks */ = {
			isa = PBXGroup;
			children = (
				F31C6F25C8EF12E0527D8989 /* libPods-kakaobank_coding_test.a */,
			);
			name = Frameworks;
			sourceTree = "<group>";
		};
		BADA303B6AD8046EFF125E55 /* Pods */ = {
			isa = PBXGroup;
			children = (
				43B4C0207F5CF56CA49087D0 /* Pods-kakaobank_coding_test.debug.xcconfig */,
				903DD5B3E218F911AC3A57DF /* Pods-kakaobank_coding_test.release.xcconfig */,
			);
			name = Pods;
			sourceTree = "<group>";
		};
/* End PBXGroup section */

/* Begin PBXNativeTarget section */
		17ACACE220EFA97900574DD2 /* kakaobank_coding_test */ = {
			isa = PBXNativeTarget;
			buildConfigurationList = 17ACACF820EFA97B00574DD2 /* Build configuration list for PBXNativeTarget "kakaobank_coding_test" */;
			buildPhases = (
				58EB53ADD4ED8114C8E13020 /* [CP] Check Pods Manifest.lock */,
				17ACACDF20EFA97900574DD2 /* Sources */,
				17ACACE020EFA97900574DD2 /* Frameworks */,
				17ACACE120EFA97900574DD2 /* Resources */,
			);
			buildRules = (
			);
			dependencies = (
			);
			name = kakaobank_coding_test;
			productName = kakaobank_coding_test;
			productReference = 17ACACE320EFA97900574DD2 /* kakaobank_coding_test.app */;
			productType = "com.apple.product-type.application";
		};
/* End PBXNativeTarget section */

/* Begin PBXProject section */
		17ACACDB20EFA97900574DD2 /* Project object */ = {
			isa = PBXProject;
			attributes = {
				LastSwiftUpdateCheck = 0940;
				LastUpgradeCheck = 0940;
				ORGANIZATIONNAME = hyunsoo;
				TargetAttributes = {
					17ACACE220EFA97900574DD2 = {
						CreatedOnToolsVersion = 9.4.1;
					};
				};
			};
			buildConfigurationList = 17ACACDE20EFA97900574DD2 /* Build configuration list for PBXProject "kakaobank_coding_test" */;
			compatibilityVersion = "Xcode 9.3";
			developmentRegion = en;
			hasScannedForEncodings = 0;
			knownRegions = (
				en,
				Base,
			);
			mainGroup = 17ACACDA20EFA97900574DD2;
			productRefGroup = 17ACACE420EFA97900574DD2 /* Products */;
			projectDirPath = "";
			projectRoot = "";
			targets = (
				17ACACE220EFA97900574DD2 /* kakaobank_coding_test */,
			);
		};
/* End PBXProject section */

/* Begin PBXResourcesBuildPhase section */
		17ACACE120EFA97900574DD2 /* Resources */ = {
			isa = PBXResourcesBuildPhase;
			buildActionMask = 2147483647;
			files = (
				17ACACF420EFA97B00574DD2 /* LaunchScreen.storyboard in Resources */,
				17ACACF120EFA97B00574DD2 /* Assets.xcassets in Resources */,
				17ACACEC20EFA97900574DD2 /* Main.storyboard in Resources */,
			);
			runOnlyForDeploymentPostprocessing = 0;
		};
/* End PBXResourcesBuildPhase section */

/* Begin PBXShellScriptBuildPhase section */
		58EB53ADD4ED8114C8E13020 /* [CP] Check Pods Manifest.lock */ = {
			isa = PBXShellScriptBuildPhase;
			buildActionMask = 2147483647;
			files = (
			);
			inputPaths = (
				"${PODS_PODFILE_DIR_PATH}/Podfile.lock",
				"${PODS_ROOT}/Manifest.lock",
			);
			name = "[CP] Check Pods Manifest.lock";
			outputPaths = (
				"$(DERIVED_FILE_DIR)/Pods-kakaobank_coding_test-checkManifestLockResult.txt",
			);
			runOnlyForDeploymentPostprocessing = 0;
			shellPath = /bin/sh;
			shellScript = "diff \"${PODS_PODFILE_DIR_PATH}/Podfile.lock\" \"${PODS_ROOT}/Manifest.lock\" > /dev/null\nif [ $? != 0 ] ; then\n    # print error to STDERR\n    echo \"error: The sandbox is not in sync with the Podfile.lock. Run 'pod install' or update your CocoaPods installation.\" >&2\n    exit 1\nfi\n# This output is used by Xcode 'outputs' to avoid re-running this script phase.\necho \"SUCCESS\" > \"${SCRIPT_OUTPUT_FILE_0}\"\n";
			showEnvVarsInLog = 0;
		};
/* End PBXShellScriptBuildPhase section */

/* Begin PBXSourcesBuildPhase section */
		17ACACDF20EFA97900574DD2 /* Sources */ = {
			isa = PBXSourcesBuildPhase;
			buildActionMask = 2147483647;
			files = (
				17ACAD0720EFBC4000574DD2 /* Model.swift in Sources */,
				6F6E2D8520F827EF0031C2A9 /* DescriptionView.swift in Sources */,
				6FC0F5B720F5F11000435347 /* SearchResultsViewController.swift in Sources */,
				6FE0C4E920F348730043D587 /* AppDetailViewController.swift in Sources */,
				17ACAD1020F1FA4900574DD2 /* HistoryCell.swift in Sources */,
				17ACAD3820F78E4900574DD2 /* ThumbnailsCell.swift in Sources */,
				17ACAD0420EFB91000574DD2 /* RecentSearchCell.swift in Sources */,
				17ACACFD20EFB19200574DD2 /* SearchViewController.swift in Sources */,
				6FE0C4E720F32CAE0043D587 /* RatingControl.swift in Sources */,
				17ACACE720EFA97900574DD2 /* AppDelegate.swift in Sources */,
				17ACAD0E20F1EB2100574DD2 /* GlobalState.swift in Sources */,
				17ACAD1220F2106B00574DD2 /* SearchResultCell.swift in Sources */,
				17ACAD0120EFB37100574DD2 /* TapBarViewController.swift in Sources */,
				17ACAD1520F3928D00574DD2 /* AppDetailHeaderView.swift in Sources */,
			);
			runOnlyForDeploymentPostprocessing = 0;
		};
/* End PBXSourcesBuildPhase section */

/* Begin PBXVariantGroup section */
		17ACACEA20EFA97900574DD2 /* Main.storyboard */ = {
			isa = PBXVariantGroup;
			children = (
				17ACACEB20EFA97900574DD2 /* Base */,
			);
			name = Main.storyboard;
			sourceTree = "<group>";
		};
		17ACACF220EFA97B00574DD2 /* LaunchScreen.storyboard */ = {
			isa = PBXVariantGroup;
			children = (
				17ACACF320EFA97B00574DD2 /* Base */,
			);
			name = LaunchScreen.storyboard;
			sourceTree = "<group>";
		};
/* End PBXVariantGroup section */

/* Begin XCBuildConfiguration section */
		17ACACF620EFA97B00574DD2 /* Debug */ = {
			isa = XCBuildConfiguration;
			buildSettings = {
				ALWAYS_SEARCH_USER_PATHS = NO;
				CLANG_ANALYZER_NONNULL = YES;
				CLANG_ANALYZER_NUMBER_OBJECT_CONVERSION = YES_AGGRESSIVE;
				CLANG_CXX_LANGUAGE_STANDARD = "gnu++14";
				CLANG_CXX_LIBRARY = "libc++";
				CLANG_ENABLE_MODULES = YES;
				CLANG_ENABLE_OBJC_ARC = YES;
				CLANG_ENABLE_OBJC_WEAK = YES;
				CLANG_WARN_BLOCK_CAPTURE_AUTORELEASING = YES;
				CLANG_WARN_BOOL_CONVERSION = YES;
				CLANG_WARN_COMMA = YES;
				CLANG_WARN_CONSTANT_CONVERSION = YES;
				CLANG_WARN_DEPRECATED_OBJC_IMPLEMENTATIONS = YES;
				CLANG_WARN_DIRECT_OBJC_ISA_USAGE = YES_ERROR;
				CLANG_WARN_DOCUMENTATION_COMMENTS = YES;
				CLANG_WARN_EMPTY_BODY = YES;
				CLANG_WARN_ENUM_CONVERSION = YES;
				CLANG_WARN_INFINITE_RECURSION = YES;
				CLANG_WARN_INT_CONVERSION = YES;
				CLANG_WARN_NON_LITERAL_NULL_CONVERSION = YES;
				CLANG_WARN_OBJC_IMPLICIT_RETAIN_SELF = YES;
				CLANG_WARN_OBJC_LITERAL_CONVERSION = YES;
				CLANG_WARN_OBJC_ROOT_CLASS = YES_ERROR;
				CLANG_WARN_RANGE_LOOP_ANALYSIS = YES;
				CLANG_WARN_STRICT_PROTOTYPES = YES;
				CLANG_WARN_SUSPICIOUS_MOVE = YES;
				CLANG_WARN_UNGUARDED_AVAILABILITY = YES_AGGRESSIVE;
				CLANG_WARN_UNREACHABLE_CODE = YES;
				CLANG_WARN__DUPLICATE_METHOD_MATCH = YES;
				CODE_SIGN_IDENTITY = "iPhone Developer";
				COPY_PHASE_STRIP = NO;
				DEBUG_INFORMATION_FORMAT = dwarf;
				ENABLE_STRICT_OBJC_MSGSEND = YES;
				ENABLE_TESTABILITY = YES;
				GCC_C_LANGUAGE_STANDARD = gnu11;
				GCC_DYNAMIC_NO_PIC = NO;
				GCC_NO_COMMON_BLOCKS = YES;
				GCC_OPTIMIZATION_LEVEL = 0;
				GCC_PREPROCESSOR_DEFINITIONS = (
					"DEBUG=1",
					"$(inherited)",
				);
				GCC_WARN_64_TO_32_BIT_CONVERSION = YES;
				GCC_WARN_ABOUT_RETURN_TYPE = YES_ERROR;
				GCC_WARN_UNDECLARED_SELECTOR = YES;
				GCC_WARN_UNINITIALIZED_AUTOS = YES_AGGRESSIVE;
				GCC_WARN_UNUSED_FUNCTION = YES;
				GCC_WARN_UNUSED_VARIABLE = YES;
				IPHONEOS_DEPLOYMENT_TARGET = 11.4;
				MTL_ENABLE_DEBUG_INFO = YES;
				ONLY_ACTIVE_ARCH = YES;
				SDKROOT = iphoneos;
				SWIFT_ACTIVE_COMPILATION_CONDITIONS = DEBUG;
				SWIFT_OPTIMIZATION_LEVEL = "-Onone";
			};
			name = Debug;
		};
		17ACACF720EFA97B00574DD2 /* Release */ = {
			isa = XCBuildConfiguration;
			buildSettings = {
				ALWAYS_SEARCH_USER_PATHS = NO;
				CLANG_ANALYZER_NONNULL = YES;
				CLANG_ANALYZER_NUMBER_OBJECT_CONVERSION = YES_AGGRESSIVE;
				CLANG_CXX_LANGUAGE_STANDARD = "gnu++14";
				CLANG_CXX_LIBRARY = "libc++";
				CLANG_ENABLE_MODULES = YES;
				CLANG_ENABLE_OBJC_ARC = YES;
				CLANG_ENABLE_OBJC_WEAK = YES;
				CLANG_WARN_BLOCK_CAPTURE_AUTORELEASING = YES;
				CLANG_WARN_BOOL_CONVERSION = YES;
				CLANG_WARN_COMMA = YES;
				CLANG_WARN_CONSTANT_CONVERSION = YES;
				CLANG_WARN_DEPRECATED_OBJC_IMPLEMENTATIONS = YES;
				CLANG_WARN_DIRECT_OBJC_ISA_USAGE = YES_ERROR;
				CLANG_WARN_DOCUMENTATION_COMMENTS = YES;
				CLANG_WARN_EMPTY_BODY = YES;
				CLANG_WARN_ENUM_CONVERSION = YES;
				CLANG_WARN_INFINITE_RECURSION = YES;
				CLANG_WARN_INT_CONVERSION = YES;
				CLANG_WARN_NON_LITERAL_NULL_CONVERSION = YES;
				CLANG_WARN_OBJC_IMPLICIT_RETAIN_SELF = YES;
				CLANG_WARN_OBJC_LITERAL_CONVERSION = YES;
				CLANG_WARN_OBJC_ROOT_CLASS = YES_ERROR;
				CLANG_WARN_RANGE_LOOP_ANALYSIS = YES;
				CLANG_WARN_STRICT_PROTOTYPES = YES;
				CLANG_WARN_SUSPICIOUS_MOVE = YES;
				CLANG_WARN_UNGUARDED_AVAILABILITY = YES_AGGRESSIVE;
				CLANG_WARN_UNREACHABLE_CODE = YES;
				CLANG_WARN__DUPLICATE_METHOD_MATCH = YES;
				CODE_SIGN_IDENTITY = "iPhone Developer";
				COPY_PHASE_STRIP = NO;
				DEBUG_INFORMATION_FORMAT = "dwarf-with-dsym";
				ENABLE_NS_ASSERTIONS = NO;
				ENABLE_STRICT_OBJC_MSGSEND = YES;
				GCC_C_LANGUAGE_STANDARD = gnu11;
				GCC_NO_COMMON_BLOCKS = YES;
				GCC_WARN_64_TO_32_BIT_CONVERSION = YES;
				GCC_WARN_ABOUT_RETURN_TYPE = YES_ERROR;
				GCC_WARN_UNDECLARED_SELECTOR = YES;
				GCC_WARN_UNINITIALIZED_AUTOS = YES_AGGRESSIVE;
				GCC_WARN_UNUSED_FUNCTION = YES;
				GCC_WARN_UNUSED_VARIABLE = YES;
				IPHONEOS_DEPLOYMENT_TARGET = 11.4;
				MTL_ENABLE_DEBUG_INFO = NO;
				SDKROOT = iphoneos;
				SWIFT_COMPILATION_MODE = wholemodule;
				SWIFT_OPTIMIZATION_LEVEL = "-O";
				VALIDATE_PRODUCT = YES;
			};
			name = Release;
		};
		17ACACF920EFA97B00574DD2 /* Debug */ = {
			isa = XCBuildConfiguration;
			baseConfigurationReference = 43B4C0207F5CF56CA49087D0 /* Pods-kakaobank_coding_test.debug.xcconfig */;
			buildSettings = {
				ASSETCATALOG_COMPILER_APPICON_NAME = AppIcon;
				CODE_SIGN_STYLE = Manual;
				DEVELOPMENT_TEAM = ACE9KE4UN9;
				INFOPLIST_FILE = kakaobank_coding_test/Info.plist;
				IPHONEOS_DEPLOYMENT_TARGET = 11.0;
				LD_RUNPATH_SEARCH_PATHS = (
					"$(inherited)",
					"@executable_path/Frameworks",
				);
				PRODUCT_BUNDLE_IDENTIFIER = "hyunsoo.kakaobank-coding-test";
				PRODUCT_NAME = "$(TARGET_NAME)";
				PROVISIONING_PROFILE = "014ee10f-f831-41ef-8daa-898a2c999b3b";
				PROVISIONING_PROFILE_SPECIFIER = Wildcard;
				SWIFT_VERSION = 4.0;
				TARGETED_DEVICE_FAMILY = "1,2";
			};
			name = Debug;
		};
		17ACACFA20EFA97B00574DD2 /* Release */ = {
			isa = XCBuildConfiguration;
			baseConfigurationReference = 903DD5B3E218F911AC3A57DF /* Pods-kakaobank_coding_test.release.xcconfig */;
			buildSettings = {
				ASSETCATALOG_COMPILER_APPICON_NAME = AppIcon;
				CODE_SIGN_STYLE = Manual;
				DEVELOPMENT_TEAM = ACE9KE4UN9;
				INFOPLIST_FILE = kakaobank_coding_test/Info.plist;
				IPHONEOS_DEPLOYMENT_TARGET = 11.0;
				LD_RUNPATH_SEARCH_PATHS = (
					"$(inherited)",
					"@executable_path/Frameworks",
				);
				PRODUCT_BUNDLE_IDENTIFIER = "hyunsoo.kakaobank-coding-test";
				PRODUCT_NAME = "$(TARGET_NAME)";
				PROVISIONING_PROFILE = "014ee10f-f831-41ef-8daa-898a2c999b3b";
				PROVISIONING_PROFILE_SPECIFIER = Wildcard;
				SWIFT_VERSION = 4.0;
				TARGETED_DEVICE_FAMILY = "1,2";
			};
			name = Release;
		};
/* End XCBuildConfiguration section */

/* Begin XCConfigurationList section */
		17ACACDE20EFA97900574DD2 /* Build configuration list for PBXProject "kakaobank_coding_test" */ = {
			isa = XCConfigurationList;
			buildConfigurations = (
				17ACACF620EFA97B00574DD2 /* Debug */,
				17ACACF720EFA97B00574DD2 /* Release */,
			);
			defaultConfigurationIsVisible = 0;
			defaultConfigurationName = Release;
		};
		17ACACF820EFA97B00574DD2 /* Build configuration list for PBXNativeTarget "kakaobank_coding_test" */ = {
			isa = XCConfigurationList;
			buildConfigurations = (
				17ACACF920EFA97B00574DD2 /* Debug */,
				17ACACFA20EFA97B00574DD2 /* Release */,
			);
			defaultConfigurationIsVisible = 0;
			defaultConfigurationName = Release;
		};
/* End XCConfigurationList section */
	};
	rootObject = 17ACACDB20EFA97900574DD2 /* Project object */;
}
